
Microsoft Visual Studio Solution File, Format Version 12.00
# Visual Studio 15
VisualStudioVersion = 15.0.27428.2037
MinimumVisualStudioVersion = 10.0.40219.1
Project("{FAE04EC0-301F-11D3-BF4B-00C04F79EFBC}") = "WebApp", "WebApp\WebApp.csproj", "{45194EAE-A095-46BC-9026-7106F0CF8238}"
EndProject
Global
	GlobalSection(SolutionConfigurationPlatforms) = preSolution
		Debug|Any CPU = Debug|Any CPU
		Release|Any CPU = Release|Any CPU
	EndGlobalSection
	GlobalSection(ProjectConfigurationPlatforms) = postSolution
		{45194EAE-A095-46BC-9026-7106F0CF8238}.Debug|Any CPU.ActiveCfg = Debug|Any CPU
		{45194EAE-A095-46BC-9026-7106F0CF8238}.Debug|Any CPU.Build.0 = Debug|Any CPU
		{45194EAE-A095-46BC-9026-7106F0CF8238}.Release|Any CPU.ActiveCfg = Release|Any CPU
		{45194EAE-A095-46BC-9026-7106F0CF8238}.Release|Any CPU.Build.0 = Release|Any CPU
	EndGlobalSection
	GlobalSection(SolutionProperties) = preSolution
		HideSolutionNode = FALSE
	EndGlobalSection
	GlobalSection(ExtensibilityGlobals) = postSolution
		SolutionGuid = {35435745-F1DC-4AA2-967C-D92D466C9565}
	EndGlobalSection
EndGlobal
